
Microsoft Visual Studio Solution File, Format Version 12.00
# Visual Studio Version 16
VisualStudioVersion = 16.0.29806.167
MinimumVisualStudioVersion = 10.0.40219.1
Project("{FAE04EC0-301F-11D3-BF4B-00C04F79EFBC}") = "butler", "butler\butler.csproj", "{B61EEB7C-1FAA-40F2-B373-098E73CBE086}"
EndProject
Global
	GlobalSection(SolutionConfigurationPlatforms) = preSolution
		Debug|Any CPU = Debug|Any CPU
		Release|Any CPU = Release|Any CPU
	EndGlobalSection
	GlobalSection(ProjectConfigurationPlatforms) = postSolution
		{B61EEB7C-1FAA-40F2-B373-098E73CBE086}.Debug|Any CPU.ActiveCfg = Debug|Any CPU
		{B61EEB7C-1FAA-40F2-B373-098E73CBE086}.Debug|Any CPU.Build.0 = Debug|Any CPU
		{B61EEB7C-1FAA-40F2-B373-098E73CBE086}.Release|Any CPU.ActiveCfg = Release|Any CPU
		{B61EEB7C-1FAA-40F2-B373-098E73CBE086}.Release|Any CPU.Build.0 = Release|Any CPU
	EndGlobalSection
	GlobalSection(SolutionProperties) = preSolution
		HideSolutionNode = FALSE
	EndGlobalSection
	GlobalSection(ExtensibilityGlobals) = postSolution
		SolutionGuid = {0A2A4AD1-6FCF-4302-8A60-B42454177CCF}
	EndGlobalSection
EndGlobal
